
Microsoft Visual Studio Solution File, Format Version 12.00
# Visual Studio Version 17
VisualStudioVersion = 17.4.33213.308
MinimumVisualStudioVersion = 10.0.40219.1
Project("{FAE04EC0-301F-11D3-BF4B-00C04F79EFBC}") = "pdfEngineAPI", "pdfEngineAPI\pdfEngineAPI.csproj", "{12AE0C13-D61A-4998-B3E7-9DC6AD3A7F9B}"
EndProject
Project("{FAE04EC0-301F-11D3-BF4B-00C04F79EFBC}") = "ModelLibrary", "ModelLibrary\ModelLibrary.csproj", "{3B129E99-E2A8-4ADA-9C83-5BCFF2710FA5}"
EndProject
Project("{FAE04EC0-301F-11D3-BF4B-00C04F79EFBC}") = "PdfEngineBlzr", "PdfEngineBlzr\PdfEngineBlzr.csproj", "{42C34378-F4E5-6A7D-A9DF-0464FAA9D10A}"
EndProject
Global
	GlobalSection(SolutionConfigurationPlatforms) = preSolution
		Debug|Any CPU = Debug|Any CPU
		Release|Any CPU = Release|Any CPU
	EndGlobalSection
	GlobalSection(ProjectConfigurationPlatforms) = postSolution
		{12AE0C13-D61A-4998-B3E7-9DC6AD3A7F9B}.Debug|Any CPU.ActiveCfg = Debug|Any CPU
		{12AE0C13-D61A-4998-B3E7-9DC6AD3A7F9B}.Debug|Any CPU.Build.0 = Debug|Any CPU
		{12AE0C13-D61A-4998-B3E7-9DC6AD3A7F9B}.Release|Any CPU.ActiveCfg = Release|Any CPU
		{12AE0C13-D61A-4998-B3E7-9DC6AD3A7F9B}.Release|Any CPU.Build.0 = Release|Any CPU
		{3B129E99-E2A8-4ADA-9C83-5BCFF2710FA5}.Debug|Any CPU.ActiveCfg = Debug|Any CPU
		{3B129E99-E2A8-4ADA-9C83-5BCFF2710FA5}.Debug|Any CPU.Build.0 = Debug|Any CPU
		{3B129E99-E2A8-4ADA-9C83-5BCFF2710FA5}.Release|Any CPU.ActiveCfg = Release|Any CPU
		{3B129E99-E2A8-4ADA-9C83-5BCFF2710FA5}.Release|Any CPU.Build.0 = Release|Any CPU
		{42C34378-F4E5-6A7D-A9DF-0464FAA9D10A}.Debug|Any CPU.ActiveCfg = Debug|Any CPU
		{42C34378-F4E5-6A7D-A9DF-0464FAA9D10A}.Debug|Any CPU.Build.0 = Debug|Any CPU
		{42C34378-F4E5-6A7D-A9DF-0464FAA9D10A}.Release|Any CPU.ActiveCfg = Release|Any CPU
		{42C34378-F4E5-6A7D-A9DF-0464FAA9D10A}.Release|Any CPU.Build.0 = Release|Any CPU
	EndGlobalSection
	GlobalSection(SolutionProperties) = preSolution
		HideSolutionNode = FALSE
	EndGlobalSection
	GlobalSection(ExtensibilityGlobals) = postSolution
		SolutionGuid = {B307DD9E-1665-4FA2-ACC4-E92B22633A89}
	EndGlobalSection
EndGlobal
